
Microsoft Visual Studio Solution File, Format Version 12.00
# Visual Studio 15
VisualStudioVersion = 15.0.27703.2000
MinimumVisualStudioVersion = 10.0.40219.1
Project("{9A19103F-16F7-4668-BE54-9A1E7A4F7556}") = "Design.SimpleFactory", "Design.SimpleFactory\Design.SimpleFactory.csproj", "{197AF7C3-6493-4389-B676-0AF31B3D1321}"
EndProject
Project("{9A19103F-16F7-4668-BE54-9A1E7A4F7556}") = "Design.Strategy", "Design.Strategy\Design.Strategy.csproj", "{2C4D7BFB-552F-4107-92BD-2F030E70EC78}"
EndProject
Project("{9A19103F-16F7-4668-BE54-9A1E7A4F7556}") = "ConsoleApp.Decorator", "ConsoleApp.Decorator\ConsoleApp.Decorator.csproj", "{DC3679DA-86DD-4E7B-97DF-F3D8E406FD54}"
EndProject
Project("{9A19103F-16F7-4668-BE54-9A1E7A4F7556}") = "ConsoleApp.Observer", "ConsoleApp.Observer\ConsoleApp.Observer.csproj", "{9829F604-E67A-4DCF-8729-5CF43F302A67}"
EndProject
Project("{9A19103F-16F7-4668-BE54-9A1E7A4F7556}") = "ConsoleApp.StateObserver", "ConsoleApp.StateObserver\ConsoleApp.StateObserver.csproj", "{B6DBB456-BE38-40BA-BE24-EE090C01D425}"
EndProject
Project("{9A19103F-16F7-4668-BE54-9A1E7A4F7556}") = "ConsoleApp.Memento", "ConsoleApp.Memento\ConsoleApp.Memento.csproj", "{608F305B-DB8C-4FCA-B90A-051658EA8F1B}"
EndProject
Project("{9A19103F-16F7-4668-BE54-9A1E7A4F7556}") = "ConsoleApp.Composite", "ConsoleApp.Composite\ConsoleApp.Composite.csproj", "{ABBBBE28-01D6-497A-8CC0-7898E606CA61}"
EndProject
Project("{9A19103F-16F7-4668-BE54-9A1E7A4F7556}") = "ConsoleApp.Inerator_ForEach", "ConsoleApp.Inerator_ForEach\ConsoleApp.Inerator_ForEach.csproj", "{EFC78239-70A2-40E6-8690-977B8251471B}"
EndProject
Project("{9A19103F-16F7-4668-BE54-9A1E7A4F7556}") = "ConsoleApp.Bridge", "ConsoleApp.Bridge\ConsoleApp.Bridge.csproj", "{9A647195-A419-4EAF-8BB1-DF25CC27DBF6}"
EndProject
Project("{9A19103F-16F7-4668-BE54-9A1E7A4F7556}") = "ConsoleApp.Command", "ConsoleApp.Command\ConsoleApp.Command.csproj", "{21837118-0C29-412A-A93A-301632C36AFC}"
EndProject
Project("{9A19103F-16F7-4668-BE54-9A1E7A4F7556}") = "ConsoleApp.Chain of responsibility", "ConsoleApp.Chain of responsibility\ConsoleApp.Chain of responsibility.csproj", "{CAD30CBE-7C1E-4C5B-BCA6-F1DA6751FD4D}"
EndProject
Project("{FAE04EC0-301F-11D3-BF4B-00C04F79EFBC}") = "ConsoleApp.Mediator", "ConsoleApp.Mediator\ConsoleApp.Mediator.csproj", "{408E54EF-D8B9-42D2-876B-CBB5719E5C4A}"
EndProject
Project("{FAE04EC0-301F-11D3-BF4B-00C04F79EFBC}") = "ConsoleApp.Interpreter", "ConsoleApp.Interpreter\ConsoleApp.Interpreter.csproj", "{6E2C95E5-6A38-49A3-A91A-08B04116D2DA}"
EndProject
Global
	GlobalSection(SolutionConfigurationPlatforms) = preSolution
		Debug|Any CPU = Debug|Any CPU
		Release|Any CPU = Release|Any CPU
	EndGlobalSection
	GlobalSection(ProjectConfigurationPlatforms) = postSolution
		{197AF7C3-6493-4389-B676-0AF31B3D1321}.Debug|Any CPU.ActiveCfg = Debug|Any CPU
		{197AF7C3-6493-4389-B676-0AF31B3D1321}.Debug|Any CPU.Build.0 = Debug|Any CPU
		{197AF7C3-6493-4389-B676-0AF31B3D1321}.Release|Any CPU.ActiveCfg = Release|Any CPU
		{197AF7C3-6493-4389-B676-0AF31B3D1321}.Release|Any CPU.Build.0 = Release|Any CPU
		{2C4D7BFB-552F-4107-92BD-2F030E70EC78}.Debug|Any CPU.ActiveCfg = Debug|Any CPU
		{2C4D7BFB-552F-4107-92BD-2F030E70EC78}.Debug|Any CPU.Build.0 = Debug|Any CPU
		{2C4D7BFB-552F-4107-92BD-2F030E70EC78}.Release|Any CPU.ActiveCfg = Release|Any CPU
		{2C4D7BFB-552F-4107-92BD-2F030E70EC78}.Release|Any CPU.Build.0 = Release|Any CPU
		{DC3679DA-86DD-4E7B-97DF-F3D8E406FD54}.Debug|Any CPU.ActiveCfg = Debug|Any CPU
		{DC3679DA-86DD-4E7B-97DF-F3D8E406FD54}.Debug|Any CPU.Build.0 = Debug|Any CPU
		{DC3679DA-86DD-4E7B-97DF-F3D8E406FD54}.Release|Any CPU.ActiveCfg = Release|Any CPU
		{DC3679DA-86DD-4E7B-97DF-F3D8E406FD54}.Release|Any CPU.Build.0 = Release|Any CPU
		{9829F604-E67A-4DCF-8729-5CF43F302A67}.Debug|Any CPU.ActiveCfg = Debug|Any CPU
		{9829F604-E67A-4DCF-8729-5CF43F302A67}.Debug|Any CPU.Build.0 = Debug|Any CPU
		{9829F604-E67A-4DCF-8729-5CF43F302A67}.Release|Any CPU.ActiveCfg = Release|Any CPU
		{9829F604-E67A-4DCF-8729-5CF43F302A67}.Release|Any CPU.Build.0 = Release|Any CPU
		{B6DBB456-BE38-40BA-BE24-EE090C01D425}.Debug|Any CPU.ActiveCfg = Debug|Any CPU
		{B6DBB456-BE38-40BA-BE24-EE090C01D425}.Debug|Any CPU.Build.0 = Debug|Any CPU
		{B6DBB456-BE38-40BA-BE24-EE090C01D425}.Release|Any CPU.ActiveCfg = Release|Any CPU
		{B6DBB456-BE38-40BA-BE24-EE090C01D425}.Release|Any CPU.Build.0 = Release|Any CPU
		{608F305B-DB8C-4FCA-B90A-051658EA8F1B}.Debug|Any CPU.ActiveCfg = Debug|Any CPU
		{608F305B-DB8C-4FCA-B90A-051658EA8F1B}.Debug|Any CPU.Build.0 = Debug|Any CPU
		{608F305B-DB8C-4FCA-B90A-051658EA8F1B}.Release|Any CPU.ActiveCfg = Release|Any CPU
		{608F305B-DB8C-4FCA-B90A-051658EA8F1B}.Release|Any CPU.Build.0 = Release|Any CPU
		{ABBBBE28-01D6-497A-8CC0-7898E606CA61}.Debug|Any CPU.ActiveCfg = Debug|Any CPU
		{ABBBBE28-01D6-497A-8CC0-7898E606CA61}.Debug|Any CPU.Build.0 = Debug|Any CPU
		{ABBBBE28-01D6-497A-8CC0-7898E606CA61}.Release|Any CPU.ActiveCfg = Release|Any CPU
		{ABBBBE28-01D6-497A-8CC0-7898E606CA61}.Release|Any CPU.Build.0 = Release|Any CPU
		{EFC78239-70A2-40E6-8690-977B8251471B}.Debug|Any CPU.ActiveCfg = Debug|Any CPU
		{EFC78239-70A2-40E6-8690-977B8251471B}.Debug|Any CPU.Build.0 = Debug|Any CPU
		{EFC78239-70A2-40E6-8690-977B8251471B}.Release|Any CPU.ActiveCfg = Release|Any CPU
		{EFC78239-70A2-40E6-8690-977B8251471B}.Release|Any CPU.Build.0 = Release|Any CPU
		{9A647195-A419-4EAF-8BB1-DF25CC27DBF6}.Debug|Any CPU.ActiveCfg = Debug|Any CPU
		{9A647195-A419-4EAF-8BB1-DF25CC27DBF6}.Debug|Any CPU.Build.0 = Debug|Any CPU
		{9A647195-A419-4EAF-8BB1-DF25CC27DBF6}.Release|Any CPU.ActiveCfg = Release|Any CPU
		{9A647195-A419-4EAF-8BB1-DF25CC27DBF6}.Release|Any CPU.Build.0 = Release|Any CPU
		{21837118-0C29-412A-A93A-301632C36AFC}.Debug|Any CPU.ActiveCfg = Debug|Any CPU
		{21837118-0C29-412A-A93A-301632C36AFC}.Debug|Any CPU.Build.0 = Debug|Any CPU
		{21837118-0C29-412A-A93A-301632C36AFC}.Release|Any CPU.ActiveCfg = Release|Any CPU
		{21837118-0C29-412A-A93A-301632C36AFC}.Release|Any CPU.Build.0 = Release|Any CPU
		{CAD30CBE-7C1E-4C5B-BCA6-F1DA6751FD4D}.Debug|Any CPU.ActiveCfg = Debug|Any CPU
		{CAD30CBE-7C1E-4C5B-BCA6-F1DA6751FD4D}.Debug|Any CPU.Build.0 = Debug|Any CPU
		{CAD30CBE-7C1E-4C5B-BCA6-F1DA6751FD4D}.Release|Any CPU.ActiveCfg = Release|Any CPU
		{CAD30CBE-7C1E-4C5B-BCA6-F1DA6751FD4D}.Release|Any CPU.Build.0 = Release|Any CPU
		{408E54EF-D8B9-42D2-876B-CBB5719E5C4A}.Debug|Any CPU.ActiveCfg = Debug|Any CPU
		{408E54EF-D8B9-42D2-876B-CBB5719E5C4A}.Debug|Any CPU.Build.0 = Debug|Any CPU
		{408E54EF-D8B9-42D2-876B-CBB5719E5C4A}.Release|Any CPU.ActiveCfg = Release|Any CPU
		{408E54EF-D8B9-42D2-876B-CBB5719E5C4A}.Release|Any CPU.Build.0 = Release|Any CPU
		{6E2C95E5-6A38-49A3-A91A-08B04116D2DA}.Debug|Any CPU.ActiveCfg = Debug|Any CPU
		{6E2C95E5-6A38-49A3-A91A-08B04116D2DA}.Debug|Any CPU.Build.0 = Debug|Any CPU
		{6E2C95E5-6A38-49A3-A91A-08B04116D2DA}.Release|Any CPU.ActiveCfg = Release|Any CPU
		{6E2C95E5-6A38-49A3-A91A-08B04116D2DA}.Release|Any CPU.Build.0 = Release|Any CPU
	EndGlobalSection
	GlobalSection(SolutionProperties) = preSolution
		HideSolutionNode = FALSE
	EndGlobalSection
	GlobalSection(ExtensibilityGlobals) = postSolution
		SolutionGuid = {8DDF88BA-788F-4E0E-8C7D-60C0E5E13E16}
	EndGlobalSection
EndGlobal
